
Microsoft Visual Studio Solution File, Format Version 12.00
# Visual Studio Version 16
VisualStudioVersion = 16.0.31313.79
MinimumVisualStudioVersion = 10.0.40219.1
Project("{9A19103F-16F7-4668-BE54-9A1E7A4F7556}") = "CleanArch.School.API", "CleanArch.School.API\CleanArch.School.API.csproj", "{4312121B-0920-4280-9BA5-87D0A252F661}"
EndProject
Project("{9A19103F-16F7-4668-BE54-9A1E7A4F7556}") = "CleanArch.School.Application", "CleanArch.School.Application\CleanArch.School.Application.csproj", "{63A50B8B-2158-4196-A138-FBE274949471}"
EndProject
Project("{9A19103F-16F7-4668-BE54-9A1E7A4F7556}") = "CleanArch.School.UnitTests", "CleanArch.School.UnitTests\CleanArch.School.UnitTests.csproj", "{2779E2AF-9318-4068-AC63-B67B7E241870}"
EndProject
Project("{9A19103F-16F7-4668-BE54-9A1E7A4F7556}") = "CleanArch.School.Domain", "CleanArch.School.Domain\CleanArch.School.Domain.csproj", "{2BE5E0BE-9B41-4D15-951B-9702505C12BF}"
EndProject
Project("{9A19103F-16F7-4668-BE54-9A1E7A4F7556}") = "CleanArch.School.Infrastructure", "CleanArch.School.Infrastructure\CleanArch.School.Infrastructure.csproj", "{31EC64FB-2C44-48AF-92ED-6DB0F70AA2AB}"
EndProject
Project("{9A19103F-16F7-4668-BE54-9A1E7A4F7556}") = "CleanArch.School.TypeExtensions", "CleanArch.School.TypeExtensions\CleanArch.School.TypeExtensions.csproj", "{6A17A908-AF52-4F00-B53A-630DF64C8494}"
EndProject
Project("{9A19103F-16F7-4668-BE54-9A1E7A4F7556}") = "CleanArch.School.WebApp.Server", "CleanArch.School.WebApp\Server\CleanArch.School.WebApp.Server.csproj", "{495E1CD6-B7A7-444C-92F6-E6C46B0BE32C}"
EndProject
Project("{9A19103F-16F7-4668-BE54-9A1E7A4F7556}") = "CleanArch.School.WebApp.Client", "CleanArch.School.WebApp\Client\CleanArch.School.WebApp.Client.csproj", "{BA9D7868-9F2C-4041-825A-72474FCCAA20}"
EndProject
Project("{9A19103F-16F7-4668-BE54-9A1E7A4F7556}") = "CleanArch.School.WebApp.Shared", "CleanArch.School.WebApp\Shared\CleanArch.School.WebApp.Shared.csproj", "{36336B37-BE01-4B80-AE6C-4ED842399EC2}"
EndProject
Project("{2150E333-8FDC-42A3-9474-1A3956D46DE8}") = "WebClient", "WebClient", "{47CB0E65-3673-47D3-9659-BB7441A56506}"
EndProject
Project("{2150E333-8FDC-42A3-9474-1A3956D46DE8}") = "Solution Items", "Solution Items", "{636A4B03-2851-42A2-8DAA-5DC34FC4C985}"
	ProjectSection(SolutionItems) = preProject
		README.md = README.md
	EndProjectSection
EndProject
Global
	GlobalSection(SolutionConfigurationPlatforms) = preSolution
		Debug|Any CPU = Debug|Any CPU
		Release|Any CPU = Release|Any CPU
	EndGlobalSection
	GlobalSection(ProjectConfigurationPlatforms) = postSolution
		{4312121B-0920-4280-9BA5-87D0A252F661}.Debug|Any CPU.ActiveCfg = Debug|Any CPU
		{4312121B-0920-4280-9BA5-87D0A252F661}.Debug|Any CPU.Build.0 = Debug|Any CPU
		{4312121B-0920-4280-9BA5-87D0A252F661}.Release|Any CPU.ActiveCfg = Release|Any CPU
		{4312121B-0920-4280-9BA5-87D0A252F661}.Release|Any CPU.Build.0 = Release|Any CPU
		{63A50B8B-2158-4196-A138-FBE274949471}.Debug|Any CPU.ActiveCfg = Debug|Any CPU
		{63A50B8B-2158-4196-A138-FBE274949471}.Debug|Any CPU.Build.0 = Debug|Any CPU
		{63A50B8B-2158-4196-A138-FBE274949471}.Release|Any CPU.ActiveCfg = Release|Any CPU
		{63A50B8B-2158-4196-A138-FBE274949471}.Release|Any CPU.Build.0 = Release|Any CPU
		{2779E2AF-9318-4068-AC63-B67B7E241870}.Debug|Any CPU.ActiveCfg = Debug|Any CPU
		{2779E2AF-9318-4068-AC63-B67B7E241870}.Debug|Any CPU.Build.0 = Debug|Any CPU
		{2779E2AF-9318-4068-AC63-B67B7E241870}.Release|Any CPU.ActiveCfg = Release|Any CPU
		{2779E2AF-9318-4068-AC63-B67B7E241870}.Release|Any CPU.Build.0 = Release|Any CPU
		{2BE5E0BE-9B41-4D15-951B-9702505C12BF}.Debug|Any CPU.ActiveCfg = Debug|Any CPU
		{2BE5E0BE-9B41-4D15-951B-9702505C12BF}.Debug|Any CPU.Build.0 = Debug|Any CPU
		{2BE5E0BE-9B41-4D15-951B-9702505C12BF}.Release|Any CPU.ActiveCfg = Release|Any CPU
		{2BE5E0BE-9B41-4D15-951B-9702505C12BF}.Release|Any CPU.Build.0 = Release|Any CPU
		{31EC64FB-2C44-48AF-92ED-6DB0F70AA2AB}.Debug|Any CPU.ActiveCfg = Debug|Any CPU
		{31EC64FB-2C44-48AF-92ED-6DB0F70AA2AB}.Debug|Any CPU.Build.0 = Debug|Any CPU
		{31EC64FB-2C44-48AF-92ED-6DB0F70AA2AB}.Release|Any CPU.ActiveCfg = Release|Any CPU
		{31EC64FB-2C44-48AF-92ED-6DB0F70AA2AB}.Release|Any CPU.Build.0 = Release|Any CPU
		{6A17A908-AF52-4F00-B53A-630DF64C8494}.Debug|Any CPU.ActiveCfg = Debug|Any CPU
		{6A17A908-AF52-4F00-B53A-630DF64C8494}.Debug|Any CPU.Build.0 = Debug|Any CPU
		{6A17A908-AF52-4F00-B53A-630DF64C8494}.Release|Any CPU.ActiveCfg = Release|Any CPU
		{6A17A908-AF52-4F00-B53A-630DF64C8494}.Release|Any CPU.Build.0 = Release|Any CPU
		{495E1CD6-B7A7-444C-92F6-E6C46B0BE32C}.Debug|Any CPU.ActiveCfg = Debug|Any CPU
		{495E1CD6-B7A7-444C-92F6-E6C46B0BE32C}.Debug|Any CPU.Build.0 = Debug|Any CPU
		{495E1CD6-B7A7-444C-92F6-E6C46B0BE32C}.Release|Any CPU.ActiveCfg = Release|Any CPU
		{495E1CD6-B7A7-444C-92F6-E6C46B0BE32C}.Release|Any CPU.Build.0 = Release|Any CPU
		{BA9D7868-9F2C-4041-825A-72474FCCAA20}.Debug|Any CPU.ActiveCfg = Debug|Any CPU
		{BA9D7868-9F2C-4041-825A-72474FCCAA20}.Debug|Any CPU.Build.0 = Debug|Any CPU
		{BA9D7868-9F2C-4041-825A-72474FCCAA20}.Release|Any CPU.ActiveCfg = Release|Any CPU
		{BA9D7868-9F2C-4041-825A-72474FCCAA20}.Release|Any CPU.Build.0 = Release|Any CPU
		{36336B37-BE01-4B80-AE6C-4ED842399EC2}.Debug|Any CPU.ActiveCfg = Debug|Any CPU
		{36336B37-BE01-4B80-AE6C-4ED842399EC2}.Debug|Any CPU.Build.0 = Debug|Any CPU
		{36336B37-BE01-4B80-AE6C-4ED842399EC2}.Release|Any CPU.ActiveCfg = Release|Any CPU
		{36336B37-BE01-4B80-AE6C-4ED842399EC2}.Release|Any CPU.Build.0 = Release|Any CPU
	EndGlobalSection
	GlobalSection(SolutionProperties) = preSolution
		HideSolutionNode = FALSE
	EndGlobalSection
	GlobalSection(NestedProjects) = preSolution
		{495E1CD6-B7A7-444C-92F6-E6C46B0BE32C} = {47CB0E65-3673-47D3-9659-BB7441A56506}
		{BA9D7868-9F2C-4041-825A-72474FCCAA20} = {47CB0E65-3673-47D3-9659-BB7441A56506}
	EndGlobalSection
	GlobalSection(ExtensibilityGlobals) = postSolution
		SolutionGuid = {5118D9DE-08BC-45C9-9052-BE9BF3EC2D47}
	EndGlobalSection
EndGlobal
